
Microsoft Visual Studio Solution File, Format Version 12.00
# Visual Studio Version 17
VisualStudioVersion = 17.6.33829.357
MinimumVisualStudioVersion = 10.0.40219.1
Project("{FAE04EC0-301F-11D3-BF4B-00C04F79EFBC}") = "rest-service-project", "rest-service-project.csproj", "{CA9DE190-BCF2-40CB-8920-1488CF0179E7}"
EndProject
Global
	GlobalSection(SolutionConfigurationPlatforms) = preSolution
		Debug|Any CPU = Debug|Any CPU
		Release|Any CPU = Release|Any CPU
	EndGlobalSection
	GlobalSection(ProjectConfigurationPlatforms) = postSolution
		{CA9DE190-BCF2-40CB-8920-1488CF0179E7}.Debug|Any CPU.ActiveCfg = Debug|Any CPU
		{CA9DE190-BCF2-40CB-8920-1488CF0179E7}.Debug|Any CPU.Build.0 = Debug|Any CPU
		{CA9DE190-BCF2-40CB-8920-1488CF0179E7}.Release|Any CPU.ActiveCfg = Release|Any CPU
		{CA9DE190-BCF2-40CB-8920-1488CF0179E7}.Release|Any CPU.Build.0 = Release|Any CPU
	EndGlobalSection
	GlobalSection(SolutionProperties) = preSolution
		HideSolutionNode = FALSE
	EndGlobalSection
	GlobalSection(ExtensibilityGlobals) = postSolution
		SolutionGuid = {EC19021C-C7E9-4015-BEF1-1DB531630AB7}
	EndGlobalSection
EndGlobal
